
Microsoft Visual Studio Solution File, Format Version 12.00
# Visual Studio 15
VisualStudioVersion = 15.0.28307.136
MinimumVisualStudioVersion = 10.0.40219.1
Project("{FAE04EC0-301F-11D3-BF4B-00C04F79EFBC}") = "Object2DictionarySerializer.Tests", "Object2DictionarySerializer.Tests\Object2DictionarySerializer.Tests.csproj", "{9549D8F0-B566-4CE9-95DB-32E5D2E03B73}"
EndProject
Project("{FAE04EC0-301F-11D3-BF4B-00C04F79EFBC}") = "Object2DictionarySerializer.Standard", "Object2DictionarySerializer.Standard\Object2DictionarySerializer.Standard.csproj", "{8F8A5447-7C80-44AB-9B80-103EC7D79302}"
EndProject
Global
	GlobalSection(SolutionConfigurationPlatforms) = preSolution
		Debug|Any CPU = Debug|Any CPU
		Release|Any CPU = Release|Any CPU
	EndGlobalSection
	GlobalSection(ProjectConfigurationPlatforms) = postSolution
		{9549D8F0-B566-4CE9-95DB-32E5D2E03B73}.Debug|Any CPU.ActiveCfg = Debug|Any CPU
		{9549D8F0-B566-4CE9-95DB-32E5D2E03B73}.Debug|Any CPU.Build.0 = Debug|Any CPU
		{9549D8F0-B566-4CE9-95DB-32E5D2E03B73}.Release|Any CPU.ActiveCfg = Release|Any CPU
		{9549D8F0-B566-4CE9-95DB-32E5D2E03B73}.Release|Any CPU.Build.0 = Release|Any CPU
		{8F8A5447-7C80-44AB-9B80-103EC7D79302}.Debug|Any CPU.ActiveCfg = Debug|Any CPU
		{8F8A5447-7C80-44AB-9B80-103EC7D79302}.Debug|Any CPU.Build.0 = Debug|Any CPU
		{8F8A5447-7C80-44AB-9B80-103EC7D79302}.Release|Any CPU.ActiveCfg = Release|Any CPU
		{8F8A5447-7C80-44AB-9B80-103EC7D79302}.Release|Any CPU.Build.0 = Release|Any CPU
	EndGlobalSection
	GlobalSection(SolutionProperties) = preSolution
		HideSolutionNode = FALSE
	EndGlobalSection
	GlobalSection(ExtensibilityGlobals) = postSolution
		SolutionGuid = {035D7F3F-79EF-446B-A868-6CD29AB6290F}
	EndGlobalSection
EndGlobal
